# This file is automatically @generated by Cargo.
# It is not intended for manual editing.
version = 4

[[package]]
name = "hydra-ast"
version = "0.1.0-dev"
dependencies = [
 "hydra-source",
]

[[package]]
name = "hydra-check"
version = "0.1.0-dev"
dependencies = [
 "hydra-ast",
 "hydra-diagnostics",
 "hydra-hir",
 "hydra-lexer",
 "hydra-parser",
 "hydra-resolve",
 "hydra-source",
 "hydra-stdlib",
 "hydra-types",
]

[[package]]
name = "hydra-cli"
version = "0.1.0-dev"
dependencies = [
 "hydra-check",
 "hydra-diagnostics",
 "hydra-hir",
 "hydra-lexer",
 "hydra-parser",
 "hydra-resolve",
 "hydra-runtime",
 "hydra-source",
]

[[package]]
name = "hydra-diagnostics"
version = "0.1.0-dev"
dependencies = [
 "hydra-source",
]

[[package]]
name = "hydra-hir"
version = "0.1.0-dev"
dependencies = [
 "hydra-resolve",
 "hydra-source",
 "hydra-stdlib",
 "hydra-types",
]

[[package]]
name = "hydra-lexer"
version = "0.1.0-dev"
dependencies = [
 "hydra-diagnostics",
 "hydra-source",
]

[[package]]
name = "hydra-parser"
version = "0.1.0-dev"
dependencies = [
 "hydra-ast",
 "hydra-diagnostics",
 "hydra-lexer",
 "hydra-source",
]

[[package]]
name = "hydra-resolve"
version = "0.1.0-dev"
dependencies = [
 "hydra-ast",
 "hydra-diagnostics",
 "hydra-lexer",
 "hydra-parser",
 "hydra-source",
 "hydra-stdlib",
]

[[package]]
name = "hydra-runtime"
version = "0.1.0-dev"
dependencies = [
 "hydra-diagnostics",
 "hydra-hir",
 "hydra-resolve",
 "hydra-source",
 "hydra-stdlib",
 "hydra-types",
]

[[package]]
name = "hydra-source"
version = "0.1.0-dev"

[[package]]
name = "hydra-stdlib"
version = "0.1.0-dev"
dependencies = [
 "hydra-types",
]

[[package]]
name = "hydra-types"
version = "0.1.0-dev"
